
Microsoft Visual Studio Solution File, Format Version 12.00
# Visual Studio 15
VisualStudioVersion = 15.0.28307.539
MinimumVisualStudioVersion = 10.0.40219.1
Project("{FAE04EC0-301F-11D3-BF4B-00C04F79EFBC}") = "Splitter", "Splitter\Splitter.csproj", "{B9EEBD58-E90A-4973-8B37-C29C9446AABC}"
EndProject
Global
	GlobalSection(SolutionConfigurationPlatforms) = preSolution
		Debug|Any CPU = Debug|Any CPU
		Release|Any CPU = Release|Any CPU
	EndGlobalSection
	GlobalSection(ProjectConfigurationPlatforms) = postSolution
		{B9EEBD58-E90A-4973-8B37-C29C9446AABC}.Debug|Any CPU.ActiveCfg = Debug|Any CPU
		{B9EEBD58-E90A-4973-8B37-C29C9446AABC}.Debug|Any CPU.Build.0 = Debug|Any CPU
		{B9EEBD58-E90A-4973-8B37-C29C9446AABC}.Release|Any CPU.ActiveCfg = Release|Any CPU
		{B9EEBD58-E90A-4973-8B37-C29C9446AABC}.Release|Any CPU.Build.0 = Release|Any CPU
	EndGlobalSection
	GlobalSection(SolutionProperties) = preSolution
		HideSolutionNode = FALSE
	EndGlobalSection
	GlobalSection(ExtensibilityGlobals) = postSolution
		SolutionGuid = {2E951B7E-D9F8-4F61-964E-22BF884088A5}
	EndGlobalSection
EndGlobal
