
Microsoft Visual Studio Solution File, Format Version 12.00
# Visual Studio 15
VisualStudioVersion = 15.0.28010.2036
MinimumVisualStudioVersion = 10.0.40219.1
Project("{FAE04EC0-301F-11D3-BF4B-00C04F79EFBC}") = "ValidationB", "ValidationB\ValidationB.csproj", "{B95BABD3-DC66-465E-858D-03B3081A0E5D}"
EndProject
Global
	GlobalSection(SolutionConfigurationPlatforms) = preSolution
		Debug|Any CPU = Debug|Any CPU
		Release|Any CPU = Release|Any CPU
	EndGlobalSection
	GlobalSection(ProjectConfigurationPlatforms) = postSolution
		{B95BABD3-DC66-465E-858D-03B3081A0E5D}.Debug|Any CPU.ActiveCfg = Debug|Any CPU
		{B95BABD3-DC66-465E-858D-03B3081A0E5D}.Debug|Any CPU.Build.0 = Debug|Any CPU
		{B95BABD3-DC66-465E-858D-03B3081A0E5D}.Release|Any CPU.ActiveCfg = Release|Any CPU
		{B95BABD3-DC66-465E-858D-03B3081A0E5D}.Release|Any CPU.Build.0 = Release|Any CPU
	EndGlobalSection
	GlobalSection(SolutionProperties) = preSolution
		HideSolutionNode = FALSE
	EndGlobalSection
	GlobalSection(ExtensibilityGlobals) = postSolution
		SolutionGuid = {BD3D1EBB-E2F8-4C7E-B594-40AA9CE03782}
	EndGlobalSection
EndGlobal
