
Microsoft Visual Studio Solution File, Format Version 12.00
# Visual Studio 15
VisualStudioVersion = 15.0.28010.2036
MinimumVisualStudioVersion = 10.0.40219.1
Project("{FAE04EC0-301F-11D3-BF4B-00C04F79EFBC}") = "Validation_A", "Validation_A\Validation_A.csproj", "{4C3AC4EB-3F34-409D-A3AD-41D6B2AE6802}"
EndProject
Global
	GlobalSection(SolutionConfigurationPlatforms) = preSolution
		Debug|Any CPU = Debug|Any CPU
		Release|Any CPU = Release|Any CPU
	EndGlobalSection
	GlobalSection(ProjectConfigurationPlatforms) = postSolution
		{4C3AC4EB-3F34-409D-A3AD-41D6B2AE6802}.Debug|Any CPU.ActiveCfg = Debug|Any CPU
		{4C3AC4EB-3F34-409D-A3AD-41D6B2AE6802}.Debug|Any CPU.Build.0 = Debug|Any CPU
		{4C3AC4EB-3F34-409D-A3AD-41D6B2AE6802}.Release|Any CPU.ActiveCfg = Release|Any CPU
		{4C3AC4EB-3F34-409D-A3AD-41D6B2AE6802}.Release|Any CPU.Build.0 = Release|Any CPU
	EndGlobalSection
	GlobalSection(SolutionProperties) = preSolution
		HideSolutionNode = FALSE
	EndGlobalSection
	GlobalSection(ExtensibilityGlobals) = postSolution
		SolutionGuid = {AB988214-676F-41A0-A2F5-33243FC636EA}
	EndGlobalSection
EndGlobal
